PODS:
  - SQLite.swift (0.12.2):
    - SQLite.swift/standard (= 0.12.2)
  - SQLite.swift/standard (0.12.2)
  - URLImage (0.9.15)

DEPENDENCIES:
  - SQLite.swift (~> 0.12.0)
  - URLImage

SPEC REPOS:
  trunk:
    - SQLite.swift
    - URLImage

SPEC CHECKSUMS:
  SQLite.swift: d2b4642190917051ce6bd1d49aab565fe794eea3
  URLImage: 1adef9b81f071fc2fc13a1a87ff882c0a694d48b

PODFILE CHECKSUM: 0de212cf2ab7de374a897db580af79478f65953c

COCOAPODS: 1.9.1
